
Microsoft Visual Studio Solution File, Format Version 12.00
# Visual Studio Version 17
VisualStudioVersion = 17.4.33205.214
MinimumVisualStudioVersion = 10.0.40219.1
Project("{2150E333-8FDC-42A3-9474-1A3956D46DE8}") = "Observer", "Observer", "{7203833A-A6B1-4775-B171-6B994255968A}"
	ProjectSection(SolutionItems) = preProject
		Observer\Observer Comments.txt = Observer\Observer Comments.txt
	EndProjectSection
EndProject
Project("{9A19103F-16F7-4668-BE54-9A1E7A4F7556}") = "Observer.WPF.Event", "Observer\Observer.WPF.Event\Observer.WPF.Event.csproj", "{8324A903-185B-429A-8243-946BB3A7AB47}"
EndProject
Project("{9A19103F-16F7-4668-BE54-9A1E7A4F7556}") = "Observer.WPF.StockTicker", "Observer\Observer.WPF.StockTicker\Observer.WPF.StockTicker.csproj", "{8050E11F-D192-4DAA-A501-8939E0975B29}"
EndProject
Project("{2150E333-8FDC-42A3-9474-1A3956D46DE8}") = "Solution Items", "Solution Items", "{6F74EEEE-0291-494A-B813-20B52B556AF3}"
	ProjectSection(SolutionItems) = preProject
		.gitattributes = .gitattributes
		.gitignore = .gitignore
		README.md = README.md
	EndProjectSection
EndProject
Global
	GlobalSection(SolutionConfigurationPlatforms) = preSolution
		Debug|Any CPU = Debug|Any CPU
		Release|Any CPU = Release|Any CPU
	EndGlobalSection
	GlobalSection(ProjectConfigurationPlatforms) = postSolution
		{8324A903-185B-429A-8243-946BB3A7AB47}.Debug|Any CPU.ActiveCfg = Debug|Any CPU
		{8324A903-185B-429A-8243-946BB3A7AB47}.Debug|Any CPU.Build.0 = Debug|Any CPU
		{8324A903-185B-429A-8243-946BB3A7AB47}.Release|Any CPU.ActiveCfg = Release|Any CPU
		{8324A903-185B-429A-8243-946BB3A7AB47}.Release|Any CPU.Build.0 = Release|Any CPU
		{8050E11F-D192-4DAA-A501-8939E0975B29}.Debug|Any CPU.ActiveCfg = Debug|Any CPU
		{8050E11F-D192-4DAA-A501-8939E0975B29}.Debug|Any CPU.Build.0 = Debug|Any CPU
		{8050E11F-D192-4DAA-A501-8939E0975B29}.Release|Any CPU.ActiveCfg = Release|Any CPU
		{8050E11F-D192-4DAA-A501-8939E0975B29}.Release|Any CPU.Build.0 = Release|Any CPU
	EndGlobalSection
	GlobalSection(SolutionProperties) = preSolution
		HideSolutionNode = FALSE
	EndGlobalSection
	GlobalSection(NestedProjects) = preSolution
		{8324A903-185B-429A-8243-946BB3A7AB47} = {7203833A-A6B1-4775-B171-6B994255968A}
		{8050E11F-D192-4DAA-A501-8939E0975B29} = {7203833A-A6B1-4775-B171-6B994255968A}
	EndGlobalSection
	GlobalSection(ExtensibilityGlobals) = postSolution
		SolutionGuid = {CF5EE5AC-C3AB-458A-83F8-1E4D7C072E25}
	EndGlobalSection
EndGlobal
